
Microsoft Visual Studio Solution File, Format Version 12.00
# Visual Studio Version 16
VisualStudioVersion = 16.0.31515.178
MinimumVisualStudioVersion = 10.0.40219.1
Project("{FAE04EC0-301F-11D3-BF4B-00C04F79EFBC}") = "Universiti.wed", "Universiti.wed\Universiti.wed.csproj", "{22A4DF44-991C-4680-AFB2-8BC93AA2B5F6}"
EndProject
Project("{FAE04EC0-301F-11D3-BF4B-00C04F79EFBC}") = "Universiti.BL", "Universiti.BL\Universiti.BL.csproj", "{F3A5E7B8-0030-443D-9B0F-0969F25FCA85}"
EndProject
Global
	GlobalSection(SolutionConfigurationPlatforms) = preSolution
		Debug|Any CPU = Debug|Any CPU
		Release|Any CPU = Release|Any CPU
	EndGlobalSection
	GlobalSection(ProjectConfigurationPlatforms) = postSolution
		{22A4DF44-991C-4680-AFB2-8BC93AA2B5F6}.Debug|Any CPU.ActiveCfg = Debug|Any CPU
		{22A4DF44-991C-4680-AFB2-8BC93AA2B5F6}.Debug|Any CPU.Build.0 = Debug|Any CPU
		{22A4DF44-991C-4680-AFB2-8BC93AA2B5F6}.Release|Any CPU.ActiveCfg = Release|Any CPU
		{22A4DF44-991C-4680-AFB2-8BC93AA2B5F6}.Release|Any CPU.Build.0 = Release|Any CPU
		{F3A5E7B8-0030-443D-9B0F-0969F25FCA85}.Debug|Any CPU.ActiveCfg = Debug|Any CPU
		{F3A5E7B8-0030-443D-9B0F-0969F25FCA85}.Debug|Any CPU.Build.0 = Debug|Any CPU
		{F3A5E7B8-0030-443D-9B0F-0969F25FCA85}.Release|Any CPU.ActiveCfg = Release|Any CPU
		{F3A5E7B8-0030-443D-9B0F-0969F25FCA85}.Release|Any CPU.Build.0 = Release|Any CPU
	EndGlobalSection
	GlobalSection(SolutionProperties) = preSolution
		HideSolutionNode = FALSE
	EndGlobalSection
	GlobalSection(ExtensibilityGlobals) = postSolution
		SolutionGuid = {941CC9CB-A9C9-4F9A-83B0-61A272A12DAF}
	EndGlobalSection
EndGlobal
